{
  "version": 4,
  "terraform_version": "1.0.8",
  "serial": 25,
  "lineage": "aad79df0-0884-bc21-f45b-85a22f171508",
  "outputs": {},
  "resources": [
    {
      "mode": "data",
      "type": "oci_core_services",
      "name": "all_oci_services",
      "provider": "provider[\"registry.terraform.io/hashicorp/oci\"]",
      "instances": [
        {
          "schema_version": 0,
          "attributes": {
            "filter": [
              {
                "name": "description",
                "regex": true,
                "values": [
                  "All .* Services In Oracle Services Network"
                ]
              }
            ],
            "id": "CoreServicesDataSource-0",
            "services": [
              {
                "cidr_block": "all-phx-services-in-oracle-services-network",
                "description": "All PHX Services In Oracle Services Network",
                "id": "ocid1.service.oc1.phx.aaaaaaaasgvxtsqcj2jkt2xppos637xym4ab5qqqptgwjd4guj7v3d26t7oa",
                "name": "All PHX Services In Oracle Services Network"
              }
            ]
          },
          "sensitive_attributes": []
        }
      ]
    },
    {
      "mode": "managed",
      "type": "oci_analytics_analytics_instance",
      "name": "analytics_instance",
      "provider": "provider[\"registry.terraform.io/hashicorp/oci\"]",
      "instances": [
        {
          "schema_version": 0,
          "attributes": {
            "capacity": [
              {
                "capacity_type": "OLPU_COUNT",
                "capacity_value": 1
              }
            ],
            "compartment_id": "ocid1.compartment.oc1..aaaaaaaa7l2ttkcrqdo2iclkujulh2c6zn6dsx2hp2ibi6rdi654ab22ruwq",
            "defined_tags": {
              "OMCS.MANAGED": "TRUE"
            },
            "description": "analytics instance stack",
            "email_notification": null,
            "feature_set": "ENTERPRISE_ANALYTICS",
            "freeform_tags": {},
            "id": "ocid1.analyticsinstance.oc1.phx.aaaaaaaabrwf7bipzykltofh6exprcei54mq4tdjjn7vpjasb3txbyewq5vq",
            "idcs_access_token": "7921cae681e609696d50c91db379dbc5",
            "license_type": "LICENSE_INCLUDED",
            "name": "gdubeyac01",
            "network_endpoint_details": [
              {
                "network_endpoint_type": "PUBLIC",
                "subnet_id": "",
                "vcn_id": "",
                "whitelisted_ips": [],
                "whitelisted_vcns": []
              }
            ],
            "private_access_channels": {},
            "service_url": "https://gdubeyac01-omcsmig-px.analytics.ocp.oraclecloud.com/ui/",
            "state": "ACTIVE",
            "time_created": "2021-10-19 20:16:51.457 +0000 UTC",
            "time_updated": "2021-10-19 20:28:12.178 +0000 UTC",
            "timeouts": null,
            "vanity_url_details": {}
          },
          "sensitive_attributes": [],
          "private": "eyJlMmJmYjczMC1lY2FhLTExZTYtOGY4OC0zNDM2M2JjN2M0YzAiOnsiY3JlYXRlIjozNjAwMDAwMDAwMDAwLCJkZWxldGUiOjM2MDAwMDAwMDAwMDAsInVwZGF0ZSI6MzYwMDAwMDAwMDAwMH19"
        }
      ]
    },
    {
      "mode": "managed",
      "type": "oci_core_default_security_list",
      "name": "application",
      "provider": "provider[\"registry.terraform.io/hashicorp/oci\"]",
      "instances": [
        {
          "schema_version": 0,
          "attributes": {
            "compartment_id": "ocid1.compartment.oc1..aaaaaaaa7l2ttkcrqdo2iclkujulh2c6zn6dsx2hp2ibi6rdi654ab22ruwq",
            "defined_tags": {
              "OMCS.MANAGED": "TRUE"
            },
            "display_name": "Default Security List for application-vcn",
            "egress_security_rules": [],
            "freeform_tags": {},
            "id": "ocid1.securitylist.oc1.phx.aaaaaaaaydowaiurfytvckplxagaskhw3mhrntkgjqgyxatrr2s664qyir5a",
            "ingress_security_rules": [
              {
                "description": "Required to allow application within VCN to fail fast",
                "icmp_options": [
                  {
                    "code": -1,
                    "type": 3
                  }
                ],
                "protocol": "1",
                "source": "10.0.0.0/24",
                "source_type": "CIDR_BLOCK",
                "stateless": false,
                "tcp_options": [],
                "udp_options": []
              },
              {
                "description": "Required to enable Path MTU Discovery to work, and non-OCI communication",
                "icmp_options": [
                  {
                    "code": 4,
                    "type": 3
                  }
                ],
                "protocol": "1",
                "source": "0.0.0.0/0",
                "source_type": "CIDR_BLOCK",
                "stateless": false,
                "tcp_options": [],
                "udp_options": []
              }
            ],
            "manage_default_resource_id": "ocid1.securitylist.oc1.phx.aaaaaaaaydowaiurfytvckplxagaskhw3mhrntkgjqgyxatrr2s664qyir5a",
            "state": "AVAILABLE",
            "time_created": "2021-10-19 20:16:46.246 +0000 UTC",
            "timeouts": null
          },
          "sensitive_attributes": [],
          "private": "eyJlMmJmYjczMC1lY2FhLTExZTYtOGY4OC0zNDM2M2JjN2M0YzAiOnsiY3JlYXRlIjoxMjAwMDAwMDAwMDAwLCJkZWxldGUiOjEyMDAwMDAwMDAwMDAsInVwZGF0ZSI6MTIwMDAwMDAwMDAwMH19",
          "dependencies": [
            "oci_core_vcn.application",
            "random_string.vcn_application_dns_label"
          ]
        }
      ]
    },
    {
      "mode": "managed",
      "type": "oci_core_instance",
      "name": "infra_instance",
      "provider": "provider[\"registry.terraform.io/hashicorp/oci\"]",
      "instances": []
    },
    {
      "mode": "managed",
      "type": "oci_core_internet_gateway",
      "name": "application_internet_gateway",
      "provider": "provider[\"registry.terraform.io/hashicorp/oci\"]",
      "instances": [
        {
          "schema_version": 0,
          "attributes": {
            "compartment_id": "ocid1.compartment.oc1..aaaaaaaa7l2ttkcrqdo2iclkujulh2c6zn6dsx2hp2ibi6rdi654ab22ruwq",
            "defined_tags": {
              "OMCS.MANAGED": "TRUE"
            },
            "display_name": "application-internet-gateway",
            "enabled": true,
            "freeform_tags": {},
            "id": "ocid1.internetgateway.oc1.phx.aaaaaaaa4pa5d2ghdaxpcricyxohtpuqmv2lfqhbhoq6lvqmvysv3a2ef5da",
            "state": "AVAILABLE",
            "time_created": "2021-10-19 20:16:47.622 +0000 UTC",
            "timeouts": null,
            "vcn_id": "ocid1.vcn.oc1.phx.amaaaaaawlpy5oiavh22d5kcfwhieuw4mueg4g66fsf7y2kdloiacbfemmia"
          },
          "sensitive_attributes": [],
          "private": "eyJlMmJmYjczMC1lY2FhLTExZTYtOGY4OC0zNDM2M2JjN2M0YzAiOnsiY3JlYXRlIjoxMjAwMDAwMDAwMDAwLCJkZWxldGUiOjEyMDAwMDAwMDAwMDAsInVwZGF0ZSI6MTIwMDAwMDAwMDAwMH19",
          "dependencies": [
            "oci_core_vcn.application",
            "random_string.vcn_application_dns_label"
          ]
        }
      ]
    },
    {
      "mode": "managed",
      "type": "oci_core_nat_gateway",
      "name": "application_nat_gateway",
      "provider": "provider[\"registry.terraform.io/hashicorp/oci\"]",
      "instances": [
        {
          "schema_version": 0,
          "attributes": {
            "block_traffic": false,
            "compartment_id": "ocid1.compartment.oc1..aaaaaaaa7l2ttkcrqdo2iclkujulh2c6zn6dsx2hp2ibi6rdi654ab22ruwq",
            "defined_tags": {
              "OMCS.MANAGED": "TRUE"
            },
            "display_name": "application-nat-gateway",
            "freeform_tags": {},
            "id": "ocid1.natgateway.oc1.phx.aaaaaaaaqx73ix3jrac2nptz3avye4nsjxwwbgwcdtix6ctaj4epmrnqvz2q",
            "nat_ip": "129.146.10.40",
            "public_ip_id": "ocid1.publicip.oc1.phx.aaaaaaaayrviwh63aazh5kxodisf2ayxsee2s3qyyykfc2s7yjwgwcvvhb5q",
            "state": "AVAILABLE",
            "time_created": "2021-10-19 20:16:47.984 +0000 UTC",
            "timeouts": null,
            "vcn_id": "ocid1.vcn.oc1.phx.amaaaaaawlpy5oiavh22d5kcfwhieuw4mueg4g66fsf7y2kdloiacbfemmia"
          },
          "sensitive_attributes": [],
          "private": "eyJlMmJmYjczMC1lY2FhLTExZTYtOGY4OC0zNDM2M2JjN2M0YzAiOnsiY3JlYXRlIjoxMjAwMDAwMDAwMDAwLCJkZWxldGUiOjEyMDAwMDAwMDAwMDAsInVwZGF0ZSI6MTIwMDAwMDAwMDAwMH19",
          "dependencies": [
            "oci_core_vcn.application",
            "random_string.vcn_application_dns_label"
          ]
        }
      ]
    },
    {
      "mode": "managed",
      "type": "oci_core_network_security_group",
      "name": "adw-nsg",
      "provider": "provider[\"registry.terraform.io/hashicorp/oci\"]",
      "instances": [
        {
          "schema_version": 0,
          "attributes": {
            "compartment_id": "ocid1.compartment.oc1..aaaaaaaa7l2ttkcrqdo2iclkujulh2c6zn6dsx2hp2ibi6rdi654ab22ruwq",
            "defined_tags": {
              "OMCS.MANAGED": "TRUE"
            },
            "display_name": "adw-nsg",
            "freeform_tags": {},
            "id": "ocid1.networksecuritygroup.oc1.phx.aaaaaaaav4v4lv5sqwqnbsdbmyomq6vyotomyz3iinck57hxew5zkkueln7a",
            "state": "AVAILABLE",
            "time_created": "2021-10-19 20:16:47.953 +0000 UTC",
            "timeouts": null,
            "vcn_id": "ocid1.vcn.oc1.phx.amaaaaaawlpy5oiavh22d5kcfwhieuw4mueg4g66fsf7y2kdloiacbfemmia"
          },
          "sensitive_attributes": [],
          "private": "eyJlMmJmYjczMC1lY2FhLTExZTYtOGY4OC0zNDM2M2JjN2M0YzAiOnsiY3JlYXRlIjoxMjAwMDAwMDAwMDAwLCJkZWxldGUiOjEyMDAwMDAwMDAwMDAsInVwZGF0ZSI6MTIwMDAwMDAwMDAwMH19",
          "dependencies": [
            "oci_core_vcn.application",
            "random_string.vcn_application_dns_label"
          ]
        }
      ]
    },
    {
      "mode": "managed",
      "type": "oci_core_network_security_group",
      "name": "compute-nsg",
      "provider": "provider[\"registry.terraform.io/hashicorp/oci\"]",
      "instances": [
        {
          "schema_version": 0,
          "attributes": {
            "compartment_id": "ocid1.compartment.oc1..aaaaaaaa7l2ttkcrqdo2iclkujulh2c6zn6dsx2hp2ibi6rdi654ab22ruwq",
            "defined_tags": {
              "OMCS.MANAGED": "TRUE"
            },
            "display_name": "compute-nsg",
            "freeform_tags": {},
            "id": "ocid1.networksecuritygroup.oc1.phx.aaaaaaaakdvdxqubdalzmw7lbrv7vgl2doazaxmejw7mzss5qchjsl2h7pfq",
            "state": "AVAILABLE",
            "time_created": "2021-10-19 20:16:47.755 +0000 UTC",
            "timeouts": null,
            "vcn_id": "ocid1.vcn.oc1.phx.amaaaaaawlpy5oiavh22d5kcfwhieuw4mueg4g66fsf7y2kdloiacbfemmia"
          },
          "sensitive_attributes": [],
          "private": "eyJlMmJmYjczMC1lY2FhLTExZTYtOGY4OC0zNDM2M2JjN2M0YzAiOnsiY3JlYXRlIjoxMjAwMDAwMDAwMDAwLCJkZWxldGUiOjEyMDAwMDAwMDAwMDAsInVwZGF0ZSI6MTIwMDAwMDAwMDAwMH19",
          "dependencies": [
            "oci_core_vcn.application",
            "random_string.vcn_application_dns_label"
          ]
        }
      ]
    },
    {
      "mode": "managed",
      "type": "oci_core_network_security_group_security_rule",
      "name": "adw-nsg_network_security_group_security_rule_1",
      "provider": "provider[\"registry.terraform.io/hashicorp/oci\"]",
      "instances": [
        {
          "schema_version": 0,
          "attributes": {
            "description": null,
            "destination": null,
            "destination_type": "",
            "direction": "INGRESS",
            "icmp_options": [],
            "id": "A71AAE",
            "is_valid": true,
            "network_security_group_id": "ocid1.networksecuritygroup.oc1.phx.aaaaaaaav4v4lv5sqwqnbsdbmyomq6vyotomyz3iinck57hxew5zkkueln7a",
            "protocol": "6",
            "source": "10.0.0.0/16",
            "source_type": "CIDR_BLOCK",
            "stateless": false,
            "tcp_options": [
              {
                "destination_port_range": [
                  {
                    "max": 1521,
                    "min": 1521
                  }
                ],
                "source_port_range": []
              }
            ],
            "time_created": "2021-10-19 20:16:48.746 +0000 UTC",
            "timeouts": null,
            "udp_options": []
          },
          "sensitive_attributes": [],
          "private": "eyJlMmJmYjczMC1lY2FhLTExZTYtOGY4OC0zNDM2M2JjN2M0YzAiOnsiY3JlYXRlIjoxMjAwMDAwMDAwMDAwLCJkZWxldGUiOjEyMDAwMDAwMDAwMDAsInVwZGF0ZSI6MTIwMDAwMDAwMDAwMH19",
          "dependencies": [
            "oci_core_network_security_group.adw-nsg",
            "oci_core_vcn.application",
            "random_string.vcn_application_dns_label"
          ]
        }
      ]
    },
    {
      "mode": "managed",
      "type": "oci_core_network_security_group_security_rule",
      "name": "compute-nsg_network_security_group_security_rule_1",
      "provider": "provider[\"registry.terraform.io/hashicorp/oci\"]",
      "instances": [
        {
          "schema_version": 0,
          "attributes": {
            "description": null,
            "destination": null,
            "destination_type": "",
            "direction": "INGRESS",
            "icmp_options": [],
            "id": "2B78B6",
            "is_valid": true,
            "network_security_group_id": "ocid1.networksecuritygroup.oc1.phx.aaaaaaaakdvdxqubdalzmw7lbrv7vgl2doazaxmejw7mzss5qchjsl2h7pfq",
            "protocol": "6",
            "source": "10.0.0.0/8",
            "source_type": "CIDR_BLOCK",
            "stateless": false,
            "tcp_options": [
              {
                "destination_port_range": [
                  {
                    "max": 22,
                    "min": 22
                  }
                ],
                "source_port_range": []
              }
            ],
            "time_created": "2021-10-19 20:16:48.328 +0000 UTC",
            "timeouts": null,
            "udp_options": []
          },
          "sensitive_attributes": [],
          "private": "eyJlMmJmYjczMC1lY2FhLTExZTYtOGY4OC0zNDM2M2JjN2M0YzAiOnsiY3JlYXRlIjoxMjAwMDAwMDAwMDAwLCJkZWxldGUiOjEyMDAwMDAwMDAwMDAsInVwZGF0ZSI6MTIwMDAwMDAwMDAwMH19",
          "dependencies": [
            "oci_core_network_security_group.compute-nsg",
            "oci_core_vcn.application",
            "random_string.vcn_application_dns_label"
          ]
        }
      ]
    },
    {
      "mode": "managed",
      "type": "oci_core_network_security_group_security_rule",
      "name": "compute-nsg_network_security_group_security_rule_2",
      "provider": "provider[\"registry.terraform.io/hashicorp/oci\"]",
      "instances": [
        {
          "schema_version": 0,
          "attributes": {
            "description": null,
            "destination": "0.0.0.0/0",
            "destination_type": "CIDR_BLOCK",
            "direction": "EGRESS",
            "icmp_options": [],
            "id": "9B4B9D",
            "is_valid": true,
            "network_security_group_id": "ocid1.networksecuritygroup.oc1.phx.aaaaaaaakdvdxqubdalzmw7lbrv7vgl2doazaxmejw7mzss5qchjsl2h7pfq",
            "protocol": "6",
            "source": null,
            "source_type": "",
            "stateless": false,
            "tcp_options": [
              {
                "destination_port_range": [
                  {
                    "max": 443,
                    "min": 443
                  }
                ],
                "source_port_range": []
              }
            ],
            "time_created": "2021-10-19 20:16:48.48 +0000 UTC",
            "timeouts": null,
            "udp_options": []
          },
          "sensitive_attributes": [],
          "private": "eyJlMmJmYjczMC1lY2FhLTExZTYtOGY4OC0zNDM2M2JjN2M0YzAiOnsiY3JlYXRlIjoxMjAwMDAwMDAwMDAwLCJkZWxldGUiOjEyMDAwMDAwMDAwMDAsInVwZGF0ZSI6MTIwMDAwMDAwMDAwMH19",
          "dependencies": [
            "oci_core_network_security_group.compute-nsg",
            "oci_core_vcn.application",
            "random_string.vcn_application_dns_label"
          ]
        }
      ]
    },
    {
      "mode": "managed",
      "type": "oci_core_route_table",
      "name": "application_private",
      "provider": "provider[\"registry.terraform.io/hashicorp/oci\"]",
      "instances": [
        {
          "schema_version": 0,
          "attributes": {
            "compartment_id": "ocid1.compartment.oc1..aaaaaaaa7l2ttkcrqdo2iclkujulh2c6zn6dsx2hp2ibi6rdi654ab22ruwq",
            "defined_tags": {
              "OMCS.MANAGED": "TRUE"
            },
            "display_name": "application-private-route-table",
            "freeform_tags": {},
            "id": "ocid1.routetable.oc1.phx.aaaaaaaargf53rhp53ynnptglpeesewmzbmdfvyxljp6hmwchqajvcwnvwaq",
            "route_rules": [
              {
                "cidr_block": "",
                "description": "",
                "destination": "0.0.0.0/0",
                "destination_type": "CIDR_BLOCK",
                "network_entity_id": "ocid1.natgateway.oc1.phx.aaaaaaaaqx73ix3jrac2nptz3avye4nsjxwwbgwcdtix6ctaj4epmrnqvz2q"
              },
              {
                "cidr_block": "",
                "description": "",
                "destination": "all-phx-services-in-oracle-services-network",
                "destination_type": "SERVICE_CIDR_BLOCK",
                "network_entity_id": "ocid1.servicegateway.oc1.phx.aaaaaaaaxtmzkcwofg3odsdfpfxmequa463xptpis6to4nwzeiugv5i5wxbq"
              }
            ],
            "state": "AVAILABLE",
            "time_created": "2021-10-19 20:16:50.208 +0000 UTC",
            "timeouts": null,
            "vcn_id": "ocid1.vcn.oc1.phx.amaaaaaawlpy5oiavh22d5kcfwhieuw4mueg4g66fsf7y2kdloiacbfemmia"
          },
          "sensitive_attributes": [],
          "private": "eyJlMmJmYjczMC1lY2FhLTExZTYtOGY4OC0zNDM2M2JjN2M0YzAiOnsiY3JlYXRlIjoxMjAwMDAwMDAwMDAwLCJkZWxldGUiOjEyMDAwMDAwMDAwMDAsInVwZGF0ZSI6MTIwMDAwMDAwMDAwMH19",
          "dependencies": [
            "data.oci_core_services.all_oci_services",
            "oci_core_nat_gateway.application_nat_gateway",
            "oci_core_service_gateway.application_service_gateway",
            "oci_core_vcn.application",
            "random_string.vcn_application_dns_label"
          ]
        }
      ]
    },
    {
      "mode": "managed",
      "type": "oci_core_route_table",
      "name": "application_public",
      "provider": "provider[\"registry.terraform.io/hashicorp/oci\"]",
      "instances": [
        {
          "schema_version": 0,
          "attributes": {
            "compartment_id": "ocid1.compartment.oc1..aaaaaaaa7l2ttkcrqdo2iclkujulh2c6zn6dsx2hp2ibi6rdi654ab22ruwq",
            "defined_tags": {
              "OMCS.MANAGED": "TRUE"
            },
            "display_name": "application-public-route-table",
            "freeform_tags": {},
            "id": "ocid1.routetable.oc1.phx.aaaaaaaalllmg6i5ezbdl2ibbfmagetvrli5qmsf24v5nyg6wr3v5ocwrjua",
            "route_rules": [
              {
                "cidr_block": "",
                "description": "",
                "destination": "0.0.0.0/0",
                "destination_type": "CIDR_BLOCK",
                "network_entity_id": "ocid1.internetgateway.oc1.phx.aaaaaaaa4pa5d2ghdaxpcricyxohtpuqmv2lfqhbhoq6lvqmvysv3a2ef5da"
              }
            ],
            "state": "AVAILABLE",
            "time_created": "2021-10-19 20:16:48.209 +0000 UTC",
            "timeouts": null,
            "vcn_id": "ocid1.vcn.oc1.phx.amaaaaaawlpy5oiavh22d5kcfwhieuw4mueg4g66fsf7y2kdloiacbfemmia"
          },
          "sensitive_attributes": [],
          "private": "eyJlMmJmYjczMC1lY2FhLTExZTYtOGY4OC0zNDM2M2JjN2M0YzAiOnsiY3JlYXRlIjoxMjAwMDAwMDAwMDAwLCJkZWxldGUiOjEyMDAwMDAwMDAwMDAsInVwZGF0ZSI6MTIwMDAwMDAwMDAwMH19",
          "dependencies": [
            "oci_core_internet_gateway.application_internet_gateway",
            "oci_core_vcn.application",
            "random_string.vcn_application_dns_label"
          ]
        }
      ]
    },
    {
      "mode": "managed",
      "type": "oci_core_route_table_attachment",
      "name": "application_app",
      "provider": "provider[\"registry.terraform.io/hashicorp/oci\"]",
      "instances": []
    },
    {
      "mode": "managed",
      "type": "oci_core_route_table_attachment",
      "name": "application_db",
      "provider": "provider[\"registry.terraform.io/hashicorp/oci\"]",
      "instances": []
    },
    {
      "mode": "managed",
      "type": "oci_core_route_table_attachment",
      "name": "application_infra",
      "provider": "provider[\"registry.terraform.io/hashicorp/oci\"]",
      "instances": []
    },
    {
      "mode": "managed",
      "type": "oci_core_route_table_attachment",
      "name": "application_lb_pub",
      "provider": "provider[\"registry.terraform.io/hashicorp/oci\"]",
      "instances": [
        {
          "schema_version": 0,
          "attributes": {
            "id": "ocid1.subnet.oc1.phx.aaaaaaaawbel7yzalvypz7t3enktont7xp2ti4xphhom5fse7ticzrhsyyia/ocid1.routetable.oc1.phx.aaaaaaaalllmg6i5ezbdl2ibbfmagetvrli5qmsf24v5nyg6wr3v5ocwrjua",
            "route_table_id": "ocid1.routetable.oc1.phx.aaaaaaaalllmg6i5ezbdl2ibbfmagetvrli5qmsf24v5nyg6wr3v5ocwrjua",
            "subnet_id": "ocid1.subnet.oc1.phx.aaaaaaaawbel7yzalvypz7t3enktont7xp2ti4xphhom5fse7ticzrhsyyia",
            "timeouts": null
          },
          "sensitive_attributes": [],
          "private": "eyJlMmJmYjczMC1lY2FhLTExZTYtOGY4OC0zNDM2M2JjN2M0YzAiOnsiY3JlYXRlIjoxMjAwMDAwMDAwMDAwLCJkZWxldGUiOjEyMDAwMDAwMDAwMDAsInVwZGF0ZSI6MTIwMDAwMDAwMDAwMH19",
          "dependencies": [
            "oci_core_internet_gateway.application_internet_gateway",
            "oci_core_route_table.application_public",
            "oci_core_subnet.application_lb_pub",
            "oci_core_vcn.application",
            "random_string.subnet_application_lb_pub_dns_label",
            "random_string.vcn_application_dns_label"
          ]
        }
      ]
    },
    {
      "mode": "managed",
      "type": "oci_core_service_gateway",
      "name": "application_service_gateway",
      "provider": "provider[\"registry.terraform.io/hashicorp/oci\"]",
      "instances": [
        {
          "schema_version": 0,
          "attributes": {
            "block_traffic": false,
            "compartment_id": "ocid1.compartment.oc1..aaaaaaaa7l2ttkcrqdo2iclkujulh2c6zn6dsx2hp2ibi6rdi654ab22ruwq",
            "defined_tags": {
              "OMCS.MANAGED": "TRUE"
            },
            "display_name": "application-service-gateway",
            "freeform_tags": {},
            "id": "ocid1.servicegateway.oc1.phx.aaaaaaaaxtmzkcwofg3odsdfpfxmequa463xptpis6to4nwzeiugv5i5wxbq",
            "route_table_id": null,
            "services": [
              {
                "service_id": "ocid1.service.oc1.phx.aaaaaaaasgvxtsqcj2jkt2xppos637xym4ab5qqqptgwjd4guj7v3d26t7oa",
                "service_name": "All PHX Services In Oracle Services Network"
              }
            ],
            "state": "AVAILABLE",
            "time_created": "2021-10-19 20:16:48.339 +0000 UTC",
            "timeouts": null,
            "vcn_id": "ocid1.vcn.oc1.phx.amaaaaaawlpy5oiavh22d5kcfwhieuw4mueg4g66fsf7y2kdloiacbfemmia"
          },
          "sensitive_attributes": [],
          "private": "eyJlMmJmYjczMC1lY2FhLTExZTYtOGY4OC0zNDM2M2JjN2M0YzAiOnsiY3JlYXRlIjoxMjAwMDAwMDAwMDAwLCJkZWxldGUiOjEyMDAwMDAwMDAwMDAsInVwZGF0ZSI6MTIwMDAwMDAwMDAwMH19",
          "dependencies": [
            "data.oci_core_services.all_oci_services",
            "oci_core_vcn.application",
            "random_string.vcn_application_dns_label"
          ]
        }
      ]
    },
    {
      "mode": "managed",
      "type": "oci_core_subnet",
      "name": "application_lb_pub",
      "provider": "provider[\"registry.terraform.io/hashicorp/oci\"]",
      "instances": [
        {
          "schema_version": 0,
          "attributes": {
            "availability_domain": null,
            "cidr_block": "10.0.0.0/24",
            "compartment_id": "ocid1.compartment.oc1..aaaaaaaa7l2ttkcrqdo2iclkujulh2c6zn6dsx2hp2ibi6rdi654ab22ruwq",
            "defined_tags": {
              "OMCS.MANAGED": "TRUE"
            },
            "dhcp_options_id": "ocid1.dhcpoptions.oc1.phx.aaaaaaaaulbeysop732mhatmdtcol263ydxvji6ptefcpymbuytkcngdjxga",
            "display_name": "loadbalancer-public-subnet",
            "dns_label": "mhxrnvjc",
            "freeform_tags": {},
            "id": "ocid1.subnet.oc1.phx.aaaaaaaawbel7yzalvypz7t3enktont7xp2ti4xphhom5fse7ticzrhsyyia",
            "ipv6cidr_block": null,
            "ipv6virtual_router_ip": null,
            "prohibit_internet_ingress": false,
            "prohibit_public_ip_on_vnic": false,
            "route_table_id": "ocid1.routetable.oc1.phx.aaaaaaaayazyfpzqrhv26hhqoyfuno3at2mprmio3ruphy4rjzxbigtu5roa",
            "security_list_ids": [
              "ocid1.securitylist.oc1.phx.aaaaaaaaydowaiurfytvckplxagaskhw3mhrntkgjqgyxatrr2s664qyir5a"
            ],
            "state": "AVAILABLE",
            "subnet_domain_name": "mhxrnvjc.oiiojbdg.oraclevcn.com",
            "time_created": "2021-10-19 20:16:47.812 +0000 UTC",
            "timeouts": null,
            "vcn_id": "ocid1.vcn.oc1.phx.amaaaaaawlpy5oiavh22d5kcfwhieuw4mueg4g66fsf7y2kdloiacbfemmia",
            "virtual_router_ip": "10.0.0.1",
            "virtual_router_mac": "00:00:17:F9:B4:FD"
          },
          "sensitive_attributes": [],
          "private": "eyJlMmJmYjczMC1lY2FhLTExZTYtOGY4OC0zNDM2M2JjN2M0YzAiOnsiY3JlYXRlIjoxMjAwMDAwMDAwMDAwLCJkZWxldGUiOjEyMDAwMDAwMDAwMDAsInVwZGF0ZSI6MTIwMDAwMDAwMDAwMH19",
          "dependencies": [
            "oci_core_vcn.application",
            "random_string.subnet_application_lb_pub_dns_label",
            "random_string.vcn_application_dns_label"
          ]
        }
      ]
    },
    {
      "mode": "managed",
      "type": "oci_core_vcn",
      "name": "application",
      "provider": "provider[\"registry.terraform.io/hashicorp/oci\"]",
      "instances": [
        {
          "schema_version": 0,
          "attributes": {
            "cidr_block": "10.0.0.0/24",
            "cidr_blocks": [
              "10.0.0.0/24"
            ],
            "compartment_id": "ocid1.compartment.oc1..aaaaaaaa7l2ttkcrqdo2iclkujulh2c6zn6dsx2hp2ibi6rdi654ab22ruwq",
            "default_dhcp_options_id": "ocid1.dhcpoptions.oc1.phx.aaaaaaaaulbeysop732mhatmdtcol263ydxvji6ptefcpymbuytkcngdjxga",
            "default_route_table_id": "ocid1.routetable.oc1.phx.aaaaaaaayazyfpzqrhv26hhqoyfuno3at2mprmio3ruphy4rjzxbigtu5roa",
            "default_security_list_id": "ocid1.securitylist.oc1.phx.aaaaaaaaydowaiurfytvckplxagaskhw3mhrntkgjqgyxatrr2s664qyir5a",
            "defined_tags": {
              "OMCS.MANAGED": "TRUE"
            },
            "display_name": "application-vcn",
            "dns_label": "oiiojbdg",
            "freeform_tags": {},
            "id": "ocid1.vcn.oc1.phx.amaaaaaawlpy5oiavh22d5kcfwhieuw4mueg4g66fsf7y2kdloiacbfemmia",
            "ipv6cidr_blocks": [],
            "is_ipv6enabled": false,
            "state": "AVAILABLE",
            "time_created": "2021-10-19 20:16:46.246 +0000 UTC",
            "timeouts": null,
            "vcn_domain_name": "oiiojbdg.oraclevcn.com"
          },
          "sensitive_attributes": [],
          "private": "eyJlMmJmYjczMC1lY2FhLTExZTYtOGY4OC0zNDM2M2JjN2M0YzAiOnsiY3JlYXRlIjoxMjAwMDAwMDAwMDAwLCJkZWxldGUiOjEyMDAwMDAwMDAwMDAsInVwZGF0ZSI6MTIwMDAwMDAwMDAwMH19",
          "dependencies": [
            "random_string.vcn_application_dns_label"
          ]
        }
      ]
    },
    {
      "mode": "managed",
      "type": "oci_database_autonomous_database",
      "name": "data_insights_autonomous_database",
      "provider": "provider[\"registry.terraform.io/hashicorp/oci\"]",
      "instances": [
        {
          "schema_version": 0,
          "attributes": {
            "admin_password": "z8nLZ4?etf79",
            "apex_details": [
              {
                "apex_version": "21.1.3",
                "ords_version": "21.3.0.266.1100"
              }
            ],
            "are_primary_whitelisted_ips_used": null,
            "autonomous_container_database_id": null,
            "autonomous_database_backup_id": null,
            "autonomous_database_id": null,
            "autonomous_maintenance_schedule_type": "REGULAR",
            "available_upgrade_versions": [],
            "backup_config": [
              {
                "manual_backup_bucket_name": "",
                "manual_backup_type": "NONE"
              }
            ],
            "clone_type": null,
            "compartment_id": "ocid1.compartment.oc1..aaaaaaaa7l2ttkcrqdo2iclkujulh2c6zn6dsx2hp2ibi6rdi654ab22ruwq",
            "connection_strings": [
              {
                "all_connection_strings": {
                  "HIGH": "adb.us-phoenix-1.oraclecloud.com:1522/onqyn5sltmwladn_gdubeydb01_high.adb.oraclecloud.com",
                  "LOW": "adb.us-phoenix-1.oraclecloud.com:1522/onqyn5sltmwladn_gdubeydb01_low.adb.oraclecloud.com",
                  "MEDIUM": "adb.us-phoenix-1.oraclecloud.com:1522/onqyn5sltmwladn_gdubeydb01_medium.adb.oraclecloud.com"
                },
                "dedicated": "",
                "high": "adb.us-phoenix-1.oraclecloud.com:1522/onqyn5sltmwladn_gdubeydb01_high.adb.oraclecloud.com",
                "low": "adb.us-phoenix-1.oraclecloud.com:1522/onqyn5sltmwladn_gdubeydb01_low.adb.oraclecloud.com",
                "medium": "adb.us-phoenix-1.oraclecloud.com:1522/onqyn5sltmwladn_gdubeydb01_medium.adb.oraclecloud.com",
                "profiles": [
                  {
                    "consumer_group": "HIGH",
                    "display_name": "gdubeydb01_high",
                    "host_format": "FQDN",
                    "protocol": "TCPS",
                    "session_mode": "DIRECT",
                    "syntax_format": "LONG",
                    "tls_authentication": "MUTUAL",
                    "value": "(description= (retry_count=20)(retry_delay=3)(address=(protocol=tcps)(port=1522)(host=adb.us-phoenix-1.oraclecloud.com))(connect_data=(service_name=onqyn5sltmwladn_gdubeydb01_high.adb.oraclecloud.com))(security=(ssl_server_cert_dn=\"CN=adwc.uscom-east-1.oraclecloud.com, OU=Oracle BMCS US, O=Oracle Corporation, L=Redwood City, ST=California, C=US\")))"
                  },
                  {
                    "consumer_group": "LOW",
                    "display_name": "gdubeydb01_low",
                    "host_format": "FQDN",
                    "protocol": "TCPS",
                    "session_mode": "DIRECT",
                    "syntax_format": "LONG",
                    "tls_authentication": "MUTUAL",
                    "value": "(description= (retry_count=20)(retry_delay=3)(address=(protocol=tcps)(port=1522)(host=adb.us-phoenix-1.oraclecloud.com))(connect_data=(service_name=onqyn5sltmwladn_gdubeydb01_low.adb.oraclecloud.com))(security=(ssl_server_cert_dn=\"CN=adwc.uscom-east-1.oraclecloud.com, OU=Oracle BMCS US, O=Oracle Corporation, L=Redwood City, ST=California, C=US\")))"
                  },
                  {
                    "consumer_group": "MEDIUM",
                    "display_name": "gdubeydb01_medium",
                    "host_format": "FQDN",
                    "protocol": "TCPS",
                    "session_mode": "DIRECT",
                    "syntax_format": "LONG",
                    "tls_authentication": "MUTUAL",
                    "value": "(description= (retry_count=20)(retry_delay=3)(address=(protocol=tcps)(port=1522)(host=adb.us-phoenix-1.oraclecloud.com))(connect_data=(service_name=onqyn5sltmwladn_gdubeydb01_medium.adb.oraclecloud.com))(security=(ssl_server_cert_dn=\"CN=adwc.uscom-east-1.oraclecloud.com, OU=Oracle BMCS US, O=Oracle Corporation, L=Redwood City, ST=California, C=US\")))"
                  }
                ]
              }
            ],
            "connection_urls": [
              {
                "apex_url": "https://ONQYN5SLTMWLADN-GDUBEYDB01.adb.us-phoenix-1.oraclecloudapps.com/ords/apex",
                "graph_studio_url": "https://ONQYN5SLTMWLADN-GDUBEYDB01.adb.us-phoenix-1.oraclecloudapps.com/graphstudio/",
                "machine_learning_user_management_url": "https://ONQYN5SLTMWLADN-GDUBEYDB01.adb.us-phoenix-1.oraclecloudapps.com/omlusers/",
                "sql_dev_web_url": "https://ONQYN5SLTMWLADN-GDUBEYDB01.adb.us-phoenix-1.oraclecloudapps.com/ords/sql-developer"
              }
            ],
            "cpu_core_count": 1,
            "customer_contacts": [],
            "data_safe_status": "NOT_REGISTERED",
            "data_storage_size_in_gb": 10240,
            "data_storage_size_in_tbs": 10,
            "db_name": "gdubeydb01",
            "db_version": "19c",
            "db_workload": "DW",
            "defined_tags": {
              "OMCS.MANAGED": "TRUE"
            },
            "display_name": "gdubeydb01",
            "failed_data_recovery_in_seconds": null,
            "freeform_tags": {},
            "id": "ocid1.autonomousdatabase.oc1.phx.anyhqljrwlpy5oialbwgaqivobucwjqgmfarxolpq7at2wrfffqfskplfcba",
            "infrastructure_type": "",
            "is_access_control_enabled": null,
            "is_auto_scaling_enabled": false,
            "is_data_guard_enabled": false,
            "is_dedicated": false,
            "is_free_tier": false,
            "is_mtls_connection_required": true,
            "is_preview": false,
            "is_preview_version_with_service_terms_accepted": null,
            "is_refreshable_clone": null,
            "key_history_entry": [
              {
                "id": "ORACLE_MANAGED_KEY",
                "time_activated": "2021-10-19 20:17:47.6 +0000 UTC",
                "vault_id": ""
              }
            ],
            "key_store_id": null,
            "key_store_wallet_name": null,
            "kms_key_id": "ORACLE_MANAGED_KEY",
            "kms_key_lifecycle_details": null,
            "license_model": "LICENSE_INCLUDED",
            "lifecycle_details": null,
            "nsg_ids": [],
            "ocpu_count": null,
            "open_mode": "READ_WRITE",
            "operations_insights_status": "NOT_ENABLED",
            "permission_level": "UNRESTRICTED",
            "private_endpoint": null,
            "private_endpoint_ip": null,
            "private_endpoint_label": null,
            "refreshable_mode": null,
            "refreshable_status": "",
            "role": "",
            "rotate_key_trigger": null,
            "service_console_url": "https://adb.us-phoenix-1.oraclecloud.com/console/index.html?tenant_name=OCID1.TENANCY.OC1..AAAAAAAAFW4VEH26MZVJZ3RG5XF2OKLWJYVC7EYZFOTUSA2MFFEHKX7AHBGQ\u0026database_name=GDUBEYDB01\u0026service_type=ADW",
            "source": null,
            "source_id": null,
            "standby_db": [],
            "standby_whitelisted_ips": [],
            "state": "AVAILABLE",
            "subnet_id": null,
            "switchover_to": null,
            "system_tags": {},
            "time_created": "2021-10-19 20:16:47.238 +0000 UTC",
            "time_deletion_of_free_autonomous_database": null,
            "time_maintenance_begin": "2021-10-24 02:00:00 +0000 UTC",
            "time_maintenance_end": "2021-10-24 04:00:00 +0000 UTC",
            "time_of_last_failover": null,
            "time_of_last_refresh": null,
            "time_of_last_refresh_point": null,
            "time_of_last_switchover": null,
            "time_of_next_refresh": null,
            "time_reclamation_of_free_autonomous_database": null,
            "timeouts": null,
            "timestamp": null,
            "used_data_storage_size_in_tbs": null,
            "vault_id": null,
            "whitelisted_ips": null
          },
          "sensitive_attributes": [],
          "private": "eyJlMmJmYjczMC1lY2FhLTExZTYtOGY4OC0zNDM2M2JjN2M0YzAiOnsiY3JlYXRlIjo0MzIwMDAwMDAwMDAwMCwiZGVsZXRlIjo0MzIwMDAwMDAwMDAwMCwidXBkYXRlIjo0MzIwMDAwMDAwMDAwMH19"
        }
      ]
    },
    {
      "mode": "managed",
      "type": "random_string",
      "name": "subnet_application_app_dns_label",
      "provider": "provider[\"registry.terraform.io/hashicorp/random\"]",
      "instances": [
        {
          "schema_version": 1,
          "attributes": {
            "id": "rezanwup",
            "keepers": null,
            "length": 8,
            "lower": true,
            "min_lower": 0,
            "min_numeric": 0,
            "min_special": 0,
            "min_upper": 0,
            "number": false,
            "override_special": null,
            "result": "rezanwup",
            "special": false,
            "upper": false
          },
          "sensitive_attributes": [],
          "private": "eyJzY2hlbWFfdmVyc2lvbiI6IjEifQ=="
        }
      ]
    },
    {
      "mode": "managed",
      "type": "random_string",
      "name": "subnet_application_db_dns_label",
      "provider": "provider[\"registry.terraform.io/hashicorp/random\"]",
      "instances": [
        {
          "schema_version": 1,
          "attributes": {
            "id": "zkpimfuu",
            "keepers": null,
            "length": 8,
            "lower": true,
            "min_lower": 0,
            "min_numeric": 0,
            "min_special": 0,
            "min_upper": 0,
            "number": false,
            "override_special": null,
            "result": "zkpimfuu",
            "special": false,
            "upper": false
          },
          "sensitive_attributes": [],
          "private": "eyJzY2hlbWFfdmVyc2lvbiI6IjEifQ=="
        }
      ]
    },
    {
      "mode": "managed",
      "type": "random_string",
      "name": "subnet_application_infra_dns_label",
      "provider": "provider[\"registry.terraform.io/hashicorp/random\"]",
      "instances": [
        {
          "schema_version": 1,
          "attributes": {
            "id": "ncmhztbi",
            "keepers": null,
            "length": 8,
            "lower": true,
            "min_lower": 0,
            "min_numeric": 0,
            "min_special": 0,
            "min_upper": 0,
            "number": false,
            "override_special": null,
            "result": "ncmhztbi",
            "special": false,
            "upper": false
          },
          "sensitive_attributes": [],
          "private": "eyJzY2hlbWFfdmVyc2lvbiI6IjEifQ=="
        }
      ]
    },
    {
      "mode": "managed",
      "type": "random_string",
      "name": "subnet_application_lb_pub_dns_label",
      "provider": "provider[\"registry.terraform.io/hashicorp/random\"]",
      "instances": [
        {
          "schema_version": 1,
          "attributes": {
            "id": "mhxrnvjc",
            "keepers": null,
            "length": 8,
            "lower": true,
            "min_lower": 0,
            "min_numeric": 0,
            "min_special": 0,
            "min_upper": 0,
            "number": false,
            "override_special": null,
            "result": "mhxrnvjc",
            "special": false,
            "upper": false
          },
          "sensitive_attributes": [],
          "private": "eyJzY2hlbWFfdmVyc2lvbiI6IjEifQ=="
        }
      ]
    },
    {
      "mode": "managed",
      "type": "random_string",
      "name": "vcn_application_dns_label",
      "provider": "provider[\"registry.terraform.io/hashicorp/random\"]",
      "instances": [
        {
          "schema_version": 1,
          "attributes": {
            "id": "oiiojbdg",
            "keepers": null,
            "length": 8,
            "lower": true,
            "min_lower": 0,
            "min_numeric": 0,
            "min_special": 0,
            "min_upper": 0,
            "number": false,
            "override_special": null,
            "result": "oiiojbdg",
            "special": false,
            "upper": false
          },
          "sensitive_attributes": [],
          "private": "eyJzY2hlbWFfdmVyc2lvbiI6IjEifQ=="
        }
      ]
    }
  ]
}
